
Microsoft Visual Studio Solution File, Format Version 12.00
# Visual Studio Version 16
VisualStudioVersion = 16.0.30320.27
MinimumVisualStudioVersion = 10.0.40219.1
Project("{FAE04EC0-301F-11D3-BF4B-00C04F79EFBC}") = "Server", "Server\Server.csproj", "{F6D561AD-E0ED-420F-9B9D-C62191EEA18A}"
EndProject
Project("{FAE04EC0-301F-11D3-BF4B-00C04F79EFBC}") = "WpfClient", "WpfClient\WpfClient.csproj", "{212A3EC9-F29A-40D6-A79E-41E6FF46BF49}"
EndProject
Project("{FAE04EC0-301F-11D3-BF4B-00C04F79EFBC}") = "ChatLibrary", "ChatLibrary\ChatLibrary.csproj", "{59A474A9-FDA6-4442-B5AF-514D1B540772}"
EndProject
Global
	GlobalSection(SolutionConfigurationPlatforms) = preSolution
		Debug|Any CPU = Debug|Any CPU
		Release|Any CPU = Release|Any CPU
	EndGlobalSection
	GlobalSection(ProjectConfigurationPlatforms) = postSolution
		{F6D561AD-E0ED-420F-9B9D-C62191EEA18A}.Debug|Any CPU.ActiveCfg = Debug|Any CPU
		{F6D561AD-E0ED-420F-9B9D-C62191EEA18A}.Debug|Any CPU.Build.0 = Debug|Any CPU
		{F6D561AD-E0ED-420F-9B9D-C62191EEA18A}.Release|Any CPU.ActiveCfg = Release|Any CPU
		{F6D561AD-E0ED-420F-9B9D-C62191EEA18A}.Release|Any CPU.Build.0 = Release|Any CPU
		{212A3EC9-F29A-40D6-A79E-41E6FF46BF49}.Debug|Any CPU.ActiveCfg = Debug|Any CPU
		{212A3EC9-F29A-40D6-A79E-41E6FF46BF49}.Debug|Any CPU.Build.0 = Debug|Any CPU
		{212A3EC9-F29A-40D6-A79E-41E6FF46BF49}.Release|Any CPU.ActiveCfg = Release|Any CPU
		{212A3EC9-F29A-40D6-A79E-41E6FF46BF49}.Release|Any CPU.Build.0 = Release|Any CPU
		{59A474A9-FDA6-4442-B5AF-514D1B540772}.Debug|Any CPU.ActiveCfg = Debug|Any CPU
		{59A474A9-FDA6-4442-B5AF-514D1B540772}.Debug|Any CPU.Build.0 = Debug|Any CPU
		{59A474A9-FDA6-4442-B5AF-514D1B540772}.Release|Any CPU.ActiveCfg = Release|Any CPU
		{59A474A9-FDA6-4442-B5AF-514D1B540772}.Release|Any CPU.Build.0 = Release|Any CPU
	EndGlobalSection
	GlobalSection(SolutionProperties) = preSolution
		HideSolutionNode = FALSE
	EndGlobalSection
	GlobalSection(ExtensibilityGlobals) = postSolution
		SolutionGuid = {65BCFFB1-6D52-4775-AF01-85AF319F996B}
	EndGlobalSection
EndGlobal
